// !$*UTF8*$!
{
	archiveVersion = 1;
	classes = {
	};
	objectVersion = 50;
	objects = {

/* Begin PBXBuildFile section */
		B5D12F5220F7A04B000CDDFA /* AppDelegate.swift in Sources */ = {isa = PBXBuildFile; fileRef = B5D12F5120F7A04B000CDDFA /* AppDelegate.swift */; };
		B5D12F5420F7A04B000CDDFA /* GameScene.sks in Resources */ = {isa = PBXBuildFile; fileRef = B5D12F5320F7A04B000CDDFA /* GameScene.sks */; };
		B5D12F5620F7A04B000CDDFA /* Actions.sks in Resources */ = {isa = PBXBuildFile; fileRef = B5D12F5520F7A04B000CDDFA /* Actions.sks */; };
		B5D12F5820F7A04B000CDDFA /* GameScene.swift in Sources */ = {isa = PBXBuildFile; fileRef = B5D12F5720F7A04B000CDDFA /* GameScene.swift */; };
		B5D12F5A20F7A04B000CDDFA /* GameViewController.swift in Sources */ = {isa = PBXBuildFile; fileRef = B5D12F5920F7A04B000CDDFA /* GameViewController.swift */; };
		B5D12F5D20F7A04B000CDDFA /* Main.storyboard in Resources */ = {isa = PBXBuildFile; fileRef = B5D12F5B20F7A04B000CDDFA /* Main.storyboard */; };
		B5D12F5F20F7A04C000CDDFA /* Assets.xcassets in Resources */ = {isa = PBXBuildFile; fileRef = B5D12F5E20F7A04C000CDDFA /* Assets.xcassets */; };
		B5D12F6220F7A04C000CDDFA /* LaunchScreen.storyboard in Resources */ = {isa = PBXBuildFile; fileRef = B5D12F6020F7A04C000CDDFA /* LaunchScreen.storyboard */; };
/* End PBXBuildFile section */

/* Begin PBXFileReference section */
		B5D12F4E20F7A04B000CDDFA /* Breakout.app */ = {isa = PBXFileReference; explicitFileType = wrapper.application; includeInIndex = 0; path = Breakout.app; sourceTree = BUILT_PRODUCTS_DIR; };
		B5D12F5120F7A04B000CDDFA /* AppDelegate.swift */ = {isa = PBXFileReference; lastKnownFileType = sourcecode.swift; path = AppDelegate.swift; sourceTree = "<group>"; };
		B5D12F5320F7A04B000CDDFA /* GameScene.sks */ = {isa = PBXFileReference; lastKnownFileType = file.sks; path = GameScene.sks; sourceTree = "<group>"; };
		B5D12F5520F7A04B000CDDFA /* Actions.sks */ = {isa = PBXFileReference; lastKnownFileType = file.sks; path = Actions.sks; sourceTree = "<group>"; };
		B5D12F5720F7A04B000CDDFA /* GameScene.swift */ = {isa = PBXFileReference; lastKnownFileType = sourcecode.swift; path = GameScene.swift; sourceTree = "<group>"; };
		B5D12F5920F7A04B000CDDFA /* GameViewController.swift */ = {isa = PBXFileReference; lastKnownFileType = sourcecode.swift; path = GameViewController.swift; sourceTree = "<group>"; };
		B5D12F5C20F7A04B000CDDFA /* Base */ = {isa = PBXFileReference; lastKnownFileType = file.storyboard; name = Base; path = Base.lproj/Main.storyboard; sourceTree = "<group>"; };
		B5D12F5E20F7A04C000CDDFA /* Assets.xcassets */ = {isa = PBXFileReference; lastKnownFileType = folder.assetcatalog; path = Assets.xcassets; sourceTree = "<group>"; };
		B5D12F6120F7A04C000CDDFA /* Base */ = {isa = PBXFileReference; lastKnownFileType = file.storyboard; name = Base; path = Base.lproj/LaunchScreen.storyboard; sourceTree = "<group>"; };
		B5D12F6320F7A04C000CDDFA /* Info.plist */ = {isa = PBXFileReference; lastKnownFileType = text.plist.xml; path = Info.plist; sourceTree = "<group>"; };
/* End PBXFileReference section */

/* Begin PBXFrameworksBuildPhase section */
		B5D12F4B20F7A04B000CDDFA /* Frameworks */ = {
			isa = PBXFrameworksBuildPhase;
			buildActionMask = 2147483647;
			files = (
			);
			runOnlyForDeploymentPostprocessing = 0;
		};
/* End PBXFrameworksBuildPhase section */

/* Begin PBXGroup section */
		B5D12F4520F7A04B000CDDFA = {
			isa = PBXGroup;
			children = (
				B5D12F5020F7A04B000CDDFA /* Breakout */,
				B5D12F4F20F7A04B000CDDFA /* Products */,
			);
			sourceTree = "<group>";
		};
		B5D12F4F20F7A04B000CDDFA /* Products */ = {
			isa = PBXGroup;
			children = (
				B5D12F4E20F7A04B000CDDFA /* Breakout.app */,
			);
			name = Products;
			sourceTree = "<group>";
		};
		B5D12F5020F7A04B000CDDFA /* Breakout */ = {
			isa = PBXGroup;
			children = (
				B5D12F5120F7A04B000CDDFA /* AppDelegate.swift */,
				B5D12F5320F7A04B000CDDFA /* GameScene.sks */,
				B5D12F5520F7A04B000CDDFA /* Actions.sks */,
				B5D12F5720F7A04B000CDDFA /* GameScene.swift */,
				B5D12F5920F7A04B000CDDFA /* GameViewController.swift */,
				B5D12F5B20F7A04B000CDDFA /* Main.storyboard */,
				B5D12F5E20F7A04C000CDDFA /* Assets.xcassets */,
				B5D12F6020F7A04C000CDDFA /* LaunchScreen.storyboard */,
				B5D12F6320F7A04C000CDDFA /* Info.plist */,
			);
			path = Breakout;
			sourceTree = "<group>";
		};
/* End PBXGroup section */

/* Begin PBXNativeTarget section */
		B5D12F4D20F7A04B000CDDFA /* Breakout */ = {
			isa = PBXNativeTarget;
			buildConfigurationList = B5D12F6620F7A04C000CDDFA /* Build configuration list for PBXNativeTarget "Breakout" */;
			buildPhases = (
				B5D12F4A20F7A04B000CDDFA /* Sources */,
				B5D12F4B20F7A04B000CDDFA /* Frameworks */,
				B5D12F4C20F7A04B000CDDFA /* Resources */,
			);
			buildRules = (
			);
			dependencies = (
			);
			name = Breakout;
			productName = Breakout;
			productReference = B5D12F4E20F7A04B000CDDFA /* Breakout.app */;
			productType = "com.apple.product-type.application";
		};
/* End PBXNativeTarget section */

/* Begin PBXProject section */
		B5D12F4620F7A04B000CDDFA /* Project object */ = {
			isa = PBXProject;
			attributes = {
				LastSwiftUpdateCheck = 0940;
				LastUpgradeCheck = 0940;
				ORGANIZATIONNAME = "Zoe Berthold";
				TargetAttributes = {
					B5D12F4D20F7A04B000CDDFA = {
						CreatedOnToolsVersion = 9.4.1;
					};
				};
			};
			buildConfigurationList = B5D12F4920F7A04B000CDDFA /* Build configuration list for PBXProject "Breakout" */;
			compatibilityVersion = "Xcode 9.3";
			developmentRegion = en;
			hasScannedForEncodings = 0;
			knownRegions = (
				en,
				Base,
			);
			mainGroup = B5D12F4520F7A04B000CDDFA;
			productRefGroup = B5D12F4F20F7A04B000CDDFA /* Products */;
			projectDirPath = "";
			projectRoot = "";
			targets = (
				B5D12F4D20F7A04B000CDDFA /* Breakout */,
			);
		};
/* End PBXProject section */

/* Begin PBXResourcesBuildPhase section */
		B5D12F4C20F7A04B000CDDFA /* Resources */ = {
			isa = PBXResourcesBuildPhase;
			buildActionMask = 2147483647;
			files = (
				B5D12F5D20F7A04B000CDDFA /* Main.storyboard in Resources */,
				B5D12F5420F7A04B000CDDFA /* GameScene.sks in Resources */,
				B5D12F5F20F7A04C000CDDFA /* Assets.xcassets in Resources */,
				B5D12F6220F7A04C000CDDFA /* LaunchScreen.storyboard in Resources */,
				B5D12F5620F7A04B000CDDFA /* Actions.sks in Resources */,
			);
			runOnlyForDeploymentPostprocessing = 0;
		};
/* End PBXResourcesBuildPhase section */

/* Begin PBXSourcesBuildPhase section */
		B5D12F4A20F7A04B000CDDFA /* Sources */ = {
			isa = PBXSourcesBuildPhase;
			buildActionMask = 2147483647;
			files = (
				B5D12F5820F7A04B000CDDFA /* GameScene.swift in Sources */,
				B5D12F5A20F7A04B000CDDFA /* GameViewController.swift in Sources */,
				B5D12F5220F7A04B000CDDFA /* AppDelegate.swift in Sources */,
			);
			runOnlyForDeploymentPostprocessing = 0;
		};
/* End PBXSourcesBuildPhase section */

/* Begin PBXVariantGroup section */
		B5D12F5B20F7A04B000CDDFA /* Main.storyboard */ = {
			isa = PBXVariantGroup;
			children = (
				B5D12F5C20F7A04B000CDDFA /* Base */,
			);
			name = Main.storyboard;
			sourceTree = "<group>";
		};
		B5D12F6020F7A04C000CDDFA /* LaunchScreen.storyboard */ = {
			isa = PBXVariantGroup;
			children = (
				B5D12F6120F7A04C000CDDFA /* Base */,
			);
			name = LaunchScreen.storyboard;
			sourceTree = "<group>";
		};
/* End PBXVariantGroup section */

/* Begin XCBuildConfiguration section */
		B5D12F6420F7A04C000CDDFA /* Debug */ = {
			isa = XCBuildConfiguration;
			buildSettings = {
				ALWAYS_SEARCH_USER_PATHS = NO;
				CLANG_ANALYZER_NONNULL = YES;
				CLANG_ANALYZER_NUMBER_OBJECT_CONVERSION = YES_AGGRESSIVE;
				CLANG_CXX_LANGUAGE_STANDARD = "gnu++14";
				CLANG_CXX_LIBRARY = "libc++";
				CLANG_ENABLE_MODULES = YES;
				CLANG_ENABLE_OBJC_ARC = YES;
				CLANG_ENABLE_OBJC_WEAK = YES;
				CLANG_WARN_BLOCK_CAPTURE_AUTORELEASING = YES;
				CLANG_WARN_BOOL_CONVERSION = YES;
				CLANG_WARN_COMMA = YES;
				CLANG_WARN_CONSTANT_CONVERSION = YES;
				CLANG_WARN_DEPRECATED_OBJC_IMPLEMENTATIONS = YES;
				CLANG_WARN_DIRECT_OBJC_ISA_USAGE = YES_ERROR;
				CLANG_WARN_DOCUMENTATION_COMMENTS = YES;
				CLANG_WARN_EMPTY_BODY = YES;
				CLANG_WARN_ENUM_CONVERSION = YES;
				CLANG_WARN_INFINITE_RECURSION = YES;
				CLANG_WARN_INT_CONVERSION = YES;
				CLANG_WARN_NON_LITERAL_NULL_CONVERSION = YES;
				CLANG_WARN_OBJC_IMPLICIT_RETAIN_SELF = YES;
				CLANG_WARN_OBJC_LITERAL_CONVERSION = YES;
				CLANG_WARN_OBJC_ROOT_CLASS = YES_ERROR;
				CLANG_WARN_RANGE_LOOP_ANALYSIS = YES;
				CLANG_WARN_STRICT_PROTOTYPES = YES;
				CLANG_WARN_SUSPICIOUS_MOVE = YES;
				CLANG_WARN_UNGUARDED_AVAILABILITY = YES_AGGRESSIVE;
				CLANG_WARN_UNREACHABLE_CODE = YES;
				CLANG_WARN__DUPLICATE_METHOD_MATCH = YES;
				CODE_SIGN_IDENTITY = "iPhone Developer";
				COPY_PHASE_STRIP = NO;
				DEBUG_INFORMATION_FORMAT = dwarf;
				ENABLE_STRICT_OBJC_MSGSEND = YES;
				ENABLE_TESTABILITY = YES;
				GCC_C_LANGUAGE_STANDARD = gnu11;
				GCC_DYNAMIC_NO_PIC = NO;
				GCC_NO_COMMON_BLOCKS = YES;
				GCC_OPTIMIZATION_LEVEL = 0;
				GCC_PREPROCESSOR_DEFINITIONS = (
					"DEBUG=1",
					"$(inherited)",
				);
				GCC_WARN_64_TO_32_BIT_CONVERSION = YES;
				GCC_WARN_ABOUT_RETURN_TYPE = YES_ERROR;
				GCC_WARN_UNDECLARED_SELECTOR = YES;
				GCC_WARN_UNINITIALIZED_AUTOS = YES_AGGRESSIVE;
				GCC_WARN_UNUSED_FUNCTION = YES;
				GCC_WARN_UNUSED_VARIABLE = YES;
				IPHONEOS_DEPLOYMENT_TARGET = 11.4;
				MTL_ENABLE_DEBUG_INFO = YES;
				ONLY_ACTIVE_ARCH = YES;
				SDKROOT = iphoneos;
				SWIFT_ACTIVE_COMPILATION_CONDITIONS = DEBUG;
				SWIFT_OPTIMIZATION_LEVEL = "-Onone";
			};
			name = Debug;
		};
		B5D12F6520F7A04C000CDDFA /* Release */ = {
			isa = XCBuildConfiguration;
			buildSettings = {
				ALWAYS_SEARCH_USER_PATHS = NO;
				CLANG_ANALYZER_NONNULL = YES;
				CLANG_ANALYZER_NUMBER_OBJECT_CONVERSION = YES_AGGRESSIVE;
				CLANG_CXX_LANGUAGE_STANDARD = "gnu++14";
				CLANG_CXX_LIBRARY = "libc++";
				CLANG_ENABLE_MODULES = YES;
				CLANG_ENABLE_OBJC_ARC = YES;
				CLANG_ENABLE_OBJC_WEAK = YES;
				CLANG_WARN_BLOCK_CAPTURE_AUTORELEASING = YES;
				CLANG_WARN_BOOL_CONVERSION = YES;
				CLANG_WARN_COMMA = YES;
				CLANG_WARN_CONSTANT_CONVERSION = YES;
				CLANG_WARN_DEPRECATED_OBJC_IMPLEMENTATIONS = YES;
				CLANG_WARN_DIRECT_OBJC_ISA_USAGE = YES_ERROR;
				CLANG_WARN_DOCUMENTATION_COMMENTS = YES;
				CLANG_WARN_EMPTY_BODY = YES;
				CLANG_WARN_ENUM_CONVERSION = YES;
				CLANG_WARN_INFINITE_RECURSION = YES;
				CLANG_WARN_INT_CONVERSION = YES;
				CLANG_WARN_NON_LITERAL_NULL_CONVERSION = YES;
				CLANG_WARN_OBJC_IMPLICIT_RETAIN_SELF = YES;
				CLANG_WARN_OBJC_LITERAL_CONVERSION = YES;
				CLANG_WARN_OBJC_ROOT_CLASS = YES_ERROR;
				CLANG_WARN_RANGE_LOOP_ANALYSIS = YES;
				CLANG_WARN_STRICT_PROTOTYPES = YES;
				CLANG_WARN_SUSPICIOUS_MOVE = YES;
				CLANG_WARN_UNGUARDED_AVAILABILITY = YES_AGGRESSIVE;
				CLANG_WARN_UNREACHABLE_CODE = YES;
				CLANG_WARN__DUPLICATE_METHOD_MATCH = YES;
				CODE_SIGN_IDENTITY = "iPhone Developer";
				COPY_PHASE_STRIP = NO;
				DEBUG_INFORMATION_FORMAT = "dwarf-with-dsym";
				ENABLE_NS_ASSERTIONS = NO;
				ENABLE_STRICT_OBJC_MSGSEND = YES;
				GCC_C_LANGUAGE_STANDARD = gnu11;
				GCC_NO_COMMON_BLOCKS = YES;
				GCC_WARN_64_TO_32_BIT_CONVERSION = YES;
				GCC_WARN_ABOUT_RETURN_TYPE = YES_ERROR;
				GCC_WARN_UNDECLARED_SELECTOR = YES;
				GCC_WARN_UNINITIALIZED_AUTOS = YES_AGGRESSIVE;
				GCC_WARN_UNUSED_FUNCTION = YES;
				GCC_WARN_UNUSED_VARIABLE = YES;
				IPHONEOS_DEPLOYMENT_TARGET = 11.4;
				MTL_ENABLE_DEBUG_INFO = NO;
				SDKROOT = iphoneos;
				SWIFT_COMPILATION_MODE = wholemodule;
				SWIFT_OPTIMIZATION_LEVEL = "-O";
				VALIDATE_PRODUCT = YES;
			};
			name = Release;
		};
		B5D12F6720F7A04C000CDDFA /* Debug */ = {
			isa = XCBuildConfiguration;
			buildSettings = {
				ASSETCATALOG_COMPILER_APPICON_NAME = AppIcon;
				CODE_SIGN_STYLE = Automatic;
				DEVELOPMENT_TEAM = LKDN59XY4Q;
				INFOPLIST_FILE = Breakout/Info.plist;
				LD_RUNPATH_SEARCH_PATHS = (
					"$(inherited)",
					"@executable_path/Frameworks",
				);
				PRODUCT_BUNDLE_IDENTIFIER = com.zoeberthold.Breakout;
				PRODUCT_NAME = "$(TARGET_NAME)";
				SWIFT_VERSION = 4.0;
				TARGETED_DEVICE_FAMILY = "1,2";
			};
			name = Debug;
		};
		B5D12F6820F7A04C000CDDFA /* Release */ = {
			isa = XCBuildConfiguration;
			buildSettings = {
				ASSETCATALOG_COMPILER_APPICON_NAME = AppIcon;
				CODE_SIGN_STYLE = Automatic;
				DEVELOPMENT_TEAM = LKDN59XY4Q;
				INFOPLIST_FILE = Breakout/Info.plist;
				LD_RUNPATH_SEARCH_PATHS = (
					"$(inherited)",
					"@executable_path/Frameworks",
				);
				PRODUCT_BUNDLE_IDENTIFIER = com.zoeberthold.Breakout;
				PRODUCT_NAME = "$(TARGET_NAME)";
				SWIFT_VERSION = 4.0;
				TARGETED_DEVICE_FAMILY = "1,2";
			};
			name = Release;
		};
/* End XCBuildConfiguration section */

/* Begin XCConfigurationList section */
		B5D12F4920F7A04B000CDDFA /* Build configuration list for PBXProject "Breakout" */ = {
			isa = XCConfigurationList;
			buildConfigurations = (
				B5D12F6420F7A04C000CDDFA /* Debug */,
				B5D12F6520F7A04C000CDDFA /* Release */,
			);
			defaultConfigurationIsVisible = 0;
			defaultConfigurationName = Release;
		};
		B5D12F6620F7A04C000CDDFA /* Build configuration list for PBXNativeTarget "Breakout" */ = {
			isa = XCConfigurationList;
			buildConfigurations = (
				B5D12F6720F7A04C000CDDFA /* Debug */,
				B5D12F6820F7A04C000CDDFA /* Release */,
			);
			defaultConfigurationIsVisible = 0;
			defaultConfigurationName = Release;
		};
/* End XCConfigurationList section */
	};
	rootObject = B5D12F4620F7A04B000CDDFA /* Project object */;
}
